<?xml version="1.0" encoding="utf-8"?>
<Project ToolsVersion="4.0" xmlns="http://schemas.microsoft.com/developer/msbuild/2003">
  <ItemGroup>
    <ClCompile Include="..\source\Main.cpp" />
    <ClCompile Include="..\source\gui\config.cpp">
      <Filter>gui</Filter>
    </ClCompile>
    <ClCompile Include="..\source\gui\dx9hook.cpp">
      <Filter>gui</Filter>
    </ClCompile>
    <ClCompile Include="..\source\gui\gui_impl_dx9.cpp">
      <Filter>gui</Filter>
    </ClCompile>
    <ClCompile Include="..\source\gui\imgui\imgui.cpp">
      <Filter>gui\imgui</Filter>
    </ClCompile>
    <ClCompile Include="..\source\gui\imgui\imgui_demo.cpp">
      <Filter>gui\imgui</Filter>
    </ClCompile>
    <ClCompile Include="..\source\gui\imgui\imgui_draw.cpp">
      <Filter>gui\imgui</Filter>
    </ClCompile>
    <ClCompile Include="..\source\gui\imgui\imgui_impl_dx9.cpp">
      <Filter>gui\imgui</Filter>
    </ClCompile>
    <ClCompile Include="..\source\gui\imgui\imgui_impl_win32.cpp">
      <Filter>gui\imgui</Filter>
    </ClCompile>
    <ClCompile Include="..\source\gui\imgui\imgui_tables.cpp">
      <Filter>gui\imgui</Filter>
    </ClCompile>
    <ClCompile Include="..\source\gui\imgui\imgui_widgets.cpp">
      <Filter>gui\imgui</Filter>
    </ClCompile>
    <ClCompile Include="..\source\debugmenu.cpp" />
    <ClCompile Include="..\source\gui\log.cpp">
      <Filter>gui</Filter>
    </ClCompile>
    <ClCompile Include="..\source\MinHook\src\buffer.c">
      <Filter>MinHook\src</Filter>
    </ClCompile>
    <ClCompile Include="..\source\MinHook\src\hook.c">
      <Filter>MinHook\src</Filter>
    </ClCompile>
    <ClCompile Include="..\source\MinHook\src\trampoline.c">
      <Filter>MinHook\src</Filter>
    </ClCompile>
    <ClCompile Include="..\source\MinHook\src\hde\hde32.c">
      <Filter>MinHook\src\hde</Filter>
    </ClCompile>
    <ClCompile Include="..\source\MinHook\src\hde\hde64.c">
      <Filter>MinHook\src\hde</Filter>
    </ClCompile>
  </ItemGroup>
  <ItemGroup>
    <Filter Include="gui">
      <UniqueIdentifier>{a104cbb0-8297-4f17-bef3-afbd9bd3e30e}</UniqueIdentifier>
    </Filter>
    <Filter Include="gui\imgui">
      <UniqueIdentifier>{b5db4529-66e7-403b-8315-3a3dc154615a}</UniqueIdentifier>
    </Filter>
    <Filter Include="MinHook">
      <UniqueIdentifier>{ee8aff04-e8d2-46fe-b905-4f0fcb30bba2}</UniqueIdentifier>
    </Filter>
    <Filter Include="MinHook\include">
      <UniqueIdentifier>{9a7b4987-dd83-4c80-88d3-6e44014bca93}</UniqueIdentifier>
    </Filter>
    <Filter Include="MinHook\src">
      <UniqueIdentifier>{7bd090b2-984e-4d99-bf1d-a5267c6481eb}</UniqueIdentifier>
    </Filter>
    <Filter Include="MinHook\src\hde">
      <UniqueIdentifier>{4daa4997-80ad-42c9-98fe-37e35da670e9}</UniqueIdentifier>
    </Filter>
  </ItemGroup>
  <ItemGroup>
    <ClInclude Include="..\source\gui\config.h">
      <Filter>gui</Filter>
    </ClInclude>
    <ClInclude Include="..\source\gui\dx9hook.h">
      <Filter>gui</Filter>
    </ClInclude>
    <ClInclude Include="..\source\gui\font.h">
      <Filter>gui</Filter>
    </ClInclude>
    <ClInclude Include="..\source\gui\gui_impl_dx9.h">
      <Filter>gui</Filter>
    </ClInclude>
    <ClInclude Include="..\source\gui\imgui\imconfig.h">
      <Filter>gui\imgui</Filter>
    </ClInclude>
    <ClInclude Include="..\source\gui\imgui\imgui.h">
      <Filter>gui\imgui</Filter>
    </ClInclude>
    <ClInclude Include="..\source\gui\imgui\imgui_impl_dx9.h">
      <Filter>gui\imgui</Filter>
    </ClInclude>
    <ClInclude Include="..\source\gui\imgui\imgui_impl_win32.h">
      <Filter>gui\imgui</Filter>
    </ClInclude>
    <ClInclude Include="..\source\gui\imgui\imgui_internal.h">
      <Filter>gui\imgui</Filter>
    </ClInclude>
    <ClInclude Include="..\source\gui\imgui\imstb_rectpack.h">
      <Filter>gui\imgui</Filter>
    </ClInclude>
    <ClInclude Include="..\source\gui\imgui\imstb_textedit.h">
      <Filter>gui\imgui</Filter>
    </ClInclude>
    <ClInclude Include="..\source\gui\imgui\imstb_truetype.h">
      <Filter>gui\imgui</Filter>
    </ClInclude>
    <ClInclude Include="..\source\debugmenu.h" />
    <ClInclude Include="..\source\gui\log.h">
      <Filter>gui</Filter>
    </ClInclude>
    <ClInclude Include="..\source\MinHook\src\buffer.h">
      <Filter>MinHook\src</Filter>
    </ClInclude>
    <ClInclude Include="..\source\MinHook\src\trampoline.h">
      <Filter>MinHook\src</Filter>
    </ClInclude>
    <ClInclude Include="..\source\MinHook\src\hde\hde32.h">
      <Filter>MinHook\src\hde</Filter>
    </ClInclude>
    <ClInclude Include="..\source\MinHook\src\hde\hde64.h">
      <Filter>MinHook\src\hde</Filter>
    </ClInclude>
    <ClInclude Include="..\source\MinHook\src\hde\pstdint.h">
      <Filter>MinHook\src\hde</Filter>
    </ClInclude>
    <ClInclude Include="..\source\MinHook\src\hde\table32.h">
      <Filter>MinHook\src\hde</Filter>
    </ClInclude>
    <ClInclude Include="..\source\MinHook\src\hde\table64.h">
      <Filter>MinHook\src\hde</Filter>
    </ClInclude>
    <ClInclude Include="..\source\MinHook\include\MinHook.h">
      <Filter>MinHook\include</Filter>
    </ClInclude>
  </ItemGroup>
</Project>